// !$*UTF8*$!
{
	archiveVersion = 1;
	classes = {
	};
	objectVersion = 50;
	objects = {

/* Begin PBXBuildFile section */
		0322FA13246E23D0009507D7 /* TagView.swift in Sources */ = {isa = PBXBuildFile; fileRef = 0322FA12246E23D0009507D7 /* TagView.swift */; };
		2F0420F7246A0E71005FB1D0 /* Feed.storyboard in Resources */ = {isa = PBXBuildFile; fileRef = 2F0420F6246A0E71005FB1D0 /* Feed.storyboard */; };
		2F0420F9246A0E7E005FB1D0 /* FeedPrototypeViewController.swift in Sources */ = {isa = PBXBuildFile; fileRef = 2F0420F8246A0E7E005FB1D0 /* FeedPrototypeViewController.swift */; };
		2F04210D246A1021005FB1D0 /* Avatar.swift in Sources */ = {isa = PBXBuildFile; fileRef = 2F042108246A1021005FB1D0 /* Avatar.swift */; };
		2F04210E246A1021005FB1D0 /* FeedPost.swift in Sources */ = {isa = PBXBuildFile; fileRef = 2F042109246A1021005FB1D0 /* FeedPost.swift */; };
		2F04210F246A1021005FB1D0 /* AvatarView.swift in Sources */ = {isa = PBXBuildFile; fileRef = 2F04210A246A1021005FB1D0 /* AvatarView.swift */; };
		2F042110246A1021005FB1D0 /* PostFooter.swift in Sources */ = {isa = PBXBuildFile; fileRef = 2F04210B246A1021005FB1D0 /* PostFooter.swift */; };
		2F04212D246A25CF005FB1D0 /* Localizable.strings in Resources */ = {isa = PBXBuildFile; fileRef = 2F04212F246A25CF005FB1D0 /* Localizable.strings */; };
		2F04213F246A2CCD005FB1D0 /* String+FightPandemics.swift in Sources */ = {isa = PBXBuildFile; fileRef = 2F04213E246A2CCD005FB1D0 /* String+FightPandemics.swift */; };
		2F04218A246CCBFA005FB1D0 /* FeedViewController.swift in Sources */ = {isa = PBXBuildFile; fileRef = 2F042189246CCBFA005FB1D0 /* FeedViewController.swift */; };
		2F04218E246CCD40005FB1D0 /* Profile.storyboard in Resources */ = {isa = PBXBuildFile; fileRef = 2F04218D246CCD40005FB1D0 /* Profile.storyboard */; };
		2F042190246CCD4A005FB1D0 /* ProfileViewController.swift in Sources */ = {isa = PBXBuildFile; fileRef = 2F04218F246CCD4A005FB1D0 /* ProfileViewController.swift */; };
		2F042192246CD017005FB1D0 /* Search.storyboard in Resources */ = {isa = PBXBuildFile; fileRef = 2F042191246CD017005FB1D0 /* Search.storyboard */; };
		2F042194246CD022005FB1D0 /* SearchViewController.swift in Sources */ = {isa = PBXBuildFile; fileRef = 2F042193246CD022005FB1D0 /* SearchViewController.swift */; };
		2F042197246CE4A7005FB1D0 /* Auth.storyboard in Resources */ = {isa = PBXBuildFile; fileRef = 2F042196246CE4A7005FB1D0 /* Auth.storyboard */; };
		2F042199246CE4B3005FB1D0 /* LogInViewController.swift in Sources */ = {isa = PBXBuildFile; fileRef = 2F042198246CE4B3005FB1D0 /* LogInViewController.swift */; };
		2F04219E246CE99C005FB1D0 /* Success.swift in Sources */ = {isa = PBXBuildFile; fileRef = 2F04219D246CE99C005FB1D0 /* Success.swift */; };
		2F0421A2246CF27B005FB1D0 /* AuthCredentials.swift in Sources */ = {isa = PBXBuildFile; fileRef = 2F0421A1246CF27B005FB1D0 /* AuthCredentials.swift */; };
		2F0421A4246D04B9005FB1D0 /* AutoLogInFakeLaunchScreen.swift in Sources */ = {isa = PBXBuildFile; fileRef = 2F0421A3246D04B9005FB1D0 /* AutoLogInFakeLaunchScreen.swift */; };
		2F0421A6246D0D39005FB1D0 /* Environment.swift in Sources */ = {isa = PBXBuildFile; fileRef = 2F0421A5246D0D39005FB1D0 /* Environment.swift */; };
		2F0B515A246E008400BE42BC /* Post.storyboard in Resources */ = {isa = PBXBuildFile; fileRef = 2F0B5159246E008400BE42BC /* Post.storyboard */; };
		2F0B515C246E009400BE42BC /* CreatePostViewController.swift in Sources */ = {isa = PBXBuildFile; fileRef = 2F0B515B246E009400BE42BC /* CreatePostViewController.swift */; };
		2F0B5166246E0DF200BE42BC /* CreatePostFooter.swift in Sources */ = {isa = PBXBuildFile; fileRef = 2F0B5163246E0DF200BE42BC /* CreatePostFooter.swift */; };
		2F0B5167246E0DF200BE42BC /* CreatePostHeader.swift in Sources */ = {isa = PBXBuildFile; fileRef = 2F0B5164246E0DF200BE42BC /* CreatePostHeader.swift */; };
		2F0B5168246E0DF200BE42BC /* CreatePostBody.swift in Sources */ = {isa = PBXBuildFile; fileRef = 2F0B5165246E0DF200BE42BC /* CreatePostBody.swift */; };
		2F0B516B246E15B400BE42BC /* IndividualOrg.swift in Sources */ = {isa = PBXBuildFile; fileRef = 2F0B516A246E15B400BE42BC /* IndividualOrg.swift */; };
		2F0C3C40246ECA5C0002B384 /* Constraints+FightPandemics.swift in Sources */ = {isa = PBXBuildFile; fileRef = 2F0C3C3F246ECA5C0002B384 /* Constraints+FightPandemics.swift */; };
		2F0C3C42246ECA660002B384 /* ConstrainableView.swift in Sources */ = {isa = PBXBuildFile; fileRef = 2F0C3C41246ECA660002B384 /* ConstrainableView.swift */; };
		2F0C3C44246F51BB0002B384 /* PostReactionButton.swift in Sources */ = {isa = PBXBuildFile; fileRef = 2F0C3C43246F51BA0002B384 /* PostReactionButton.swift */; };
		2F0C3C652471DB2D0002B384 /* RootNavigationController.swift in Sources */ = {isa = PBXBuildFile; fileRef = 2F0C3C642471DB2D0002B384 /* RootNavigationController.swift */; };
		2F0C3C672471DE660002B384 /* UINavigationBar+FightPandemics.swift in Sources */ = {isa = PBXBuildFile; fileRef = 2F0C3C662471DE660002B384 /* UINavigationBar+FightPandemics.swift */; };
		2F0C3C6A2471E0F70002B384 /* Filters.storyboard in Resources */ = {isa = PBXBuildFile; fileRef = 2F0C3C692471E0F70002B384 /* Filters.storyboard */; };
		2F0C3C6C2471E1130002B384 /* FiltersModal.swift in Sources */ = {isa = PBXBuildFile; fileRef = 2F0C3C6B2471E1130002B384 /* FiltersModal.swift */; };
		2F426B3C2472C2A3007A4796 /* PostVisibilitySelectionView.swift in Sources */ = {isa = PBXBuildFile; fileRef = 2F426B3B2472C2A3007A4796 /* PostVisibilitySelectionView.swift */; };
		2F426B97247339A9007A4796 /* OpenSourceCredits.json in Resources */ = {isa = PBXBuildFile; fileRef = 2F426B96247339A9007A4796 /* OpenSourceCredits.json */; };
		2F426BA024735B89007A4796 /* OpenSourceLicense.swift in Sources */ = {isa = PBXBuildFile; fileRef = 2F426B9F24735B89007A4796 /* OpenSourceLicense.swift */; };
		2F426BA6247365FB007A4796 /* OpenSourceCreditsViewController.swift in Sources */ = {isa = PBXBuildFile; fileRef = 2F426BA5247365FB007A4796 /* OpenSourceCreditsViewController.swift */; };
		2F426BA92473682E007A4796 /* HTML.swift in Sources */ = {isa = PBXBuildFile; fileRef = 2F426BA82473682E007A4796 /* HTML.swift */; };
		2F426BAF24736E3D007A4796 /* OpenSourceTableViewCell.swift in Sources */ = {isa = PBXBuildFile; fileRef = 2F426BAE24736E3D007A4796 /* OpenSourceTableViewCell.swift */; };
		2F426BBC24749B97007A4796 /* InboxViewController.swift in Sources */ = {isa = PBXBuildFile; fileRef = 2F426BBB24749B97007A4796 /* InboxViewController.swift */; };
		2F426BBE24749BB7007A4796 /* Inbox.storyboard in Resources */ = {isa = PBXBuildFile; fileRef = 2F426BBD24749BB7007A4796 /* Inbox.storyboard */; };
		2F72CE4D2468785200750785 /* HTTPClientError.swift in Sources */ = {isa = PBXBuildFile; fileRef = 2F72CE462468785200750785 /* HTTPClientError.swift */; };
		2F72CE4E2468785200750785 /* HTTPRequestError.swift in Sources */ = {isa = PBXBuildFile; fileRef = 2F72CE472468785200750785 /* HTTPRequestError.swift */; };
		2F72CE4F2468785200750785 /* HTTPRequest.swift in Sources */ = {isa = PBXBuildFile; fileRef = 2F72CE482468785200750785 /* HTTPRequest.swift */; };
		2F72CE502468785200750785 /* JSON.swift in Sources */ = {isa = PBXBuildFile; fileRef = 2F72CE492468785200750785 /* JSON.swift */; };
		2F72CE512468785200750785 /* URLSession+Networking.swift in Sources */ = {isa = PBXBuildFile; fileRef = 2F72CE4A2468785200750785 /* URLSession+Networking.swift */; };
		2F72CE522468785200750785 /* HTTPMethod.swift in Sources */ = {isa = PBXBuildFile; fileRef = 2F72CE4B2468785200750785 /* HTTPMethod.swift */; };
		2F72CE532468785200750785 /* HTTPClient.swift in Sources */ = {isa = PBXBuildFile; fileRef = 2F72CE4C2468785200750785 /* HTTPClient.swift */; };
		2F72CE562468789000750785 /* User.swift in Sources */ = {isa = PBXBuildFile; fileRef = 2F72CE552468789000750785 /* User.swift */; };
		2F72CE59246878BF00750785 /* API.swift in Sources */ = {isa = PBXBuildFile; fileRef = 2F72CE58246878BF00750785 /* API.swift */; };
		2F72CE5B2468790200750785 /* APIError.swift in Sources */ = {isa = PBXBuildFile; fileRef = 2F72CE5A2468790200750785 /* APIError.swift */; };
		2F72CE5D2468793300750785 /* MockAPI.swift in Sources */ = {isa = PBXBuildFile; fileRef = 2F72CE5C2468793300750785 /* MockAPI.swift */; };
		2F72CE5F2468793C00750785 /* FightPandemicsAPI.swift in Sources */ = {isa = PBXBuildFile; fileRef = 2F72CE5E2468793C00750785 /* FightPandemicsAPI.swift */; };
		2F72CE6724687CD100750785 /* User.json in Resources */ = {isa = PBXBuildFile; fileRef = 2F72CE6624687CD100750785 /* User.json */; };
		2F9EFE51245DFB1700E86700 /* AppDelegate.swift in Sources */ = {isa = PBXBuildFile; fileRef = 2F9EFE50245DFB1700E86700 /* AppDelegate.swift */; };
		2F9EFE53245DFB1700E86700 /* SceneDelegate.swift in Sources */ = {isa = PBXBuildFile; fileRef = 2F9EFE52245DFB1700E86700 /* SceneDelegate.swift */; };
		2F9EFE5A245DFB1900E86700 /* Assets.xcassets in Resources */ = {isa = PBXBuildFile; fileRef = 2F9EFE59245DFB1900E86700 /* Assets.xcassets */; };
		2FB341EC2468F841007E397F /* UIColor+FightPandemics.swift in Sources */ = {isa = PBXBuildFile; fileRef = 2FB341EB2468F841007E397F /* UIColor+FightPandemics.swift */; };
		2FB341F62468F984007E397F /* Main.storyboard in Resources */ = {isa = PBXBuildFile; fileRef = 2FB341F22468F984007E397F /* Main.storyboard */; };
		2FB341F92468F9F0007E397F /* RootTabBarController.swift in Sources */ = {isa = PBXBuildFile; fileRef = 2FB341F82468F9F0007E397F /* RootTabBarController.swift */; };
		2FB342042468FFCC007E397F /* Navigator.swift in Sources */ = {isa = PBXBuildFile; fileRef = 2FB342032468FFCC007E397F /* Navigator.swift */; };
		2FB34207246901DA007E397F /* LaunchScreen.storyboard in Resources */ = {isa = PBXBuildFile; fileRef = 2FB34205246901DA007E397F /* LaunchScreen.storyboard */; };
		49D0B0B42467BC6E007B3762 /* FightPandemicsUITests.swift in Sources */ = {isa = PBXBuildFile; fileRef = 49D0B0B32467BC6E007B3762 /* FightPandemicsUITests.swift */; };
		7DEF116C7BC2A4F6BA56F4F0 /* Pods_FightPandemics.framework in Frameworks */ = {isa = PBXBuildFile; fileRef = AC14540D23239E4E26F554CF /* Pods_FightPandemics.framework */; };
		C013ACDA246FF3E200F22BE7 /* OfferRequest.swift in Sources */ = {isa = PBXBuildFile; fileRef = C013ACD9246FF3E200F22BE7 /* OfferRequest.swift */; };
		C018DD7C2474AF7B00EEB3FC /* Location.swift in Sources */ = {isa = PBXBuildFile; fileRef = C018DD7B2474AF7B00EEB3FC /* Location.swift */; };
		C018DD84247722FB00EEB3FC /* ClearFilterBtn.swift in Sources */ = {isa = PBXBuildFile; fileRef = C018DD83247722FB00EEB3FC /* ClearFilterBtn.swift */; };
		C018DD862477313F00EEB3FC /* ApplyFilterBtn.swift in Sources */ = {isa = PBXBuildFile; fileRef = C018DD852477313F00EEB3FC /* ApplyFilterBtn.swift */; };
		C0E5EDFB2470AA4E00F42319 /* Duration.swift in Sources */ = {isa = PBXBuildFile; fileRef = C0E5EDFA2470AA4E00F42319 /* Duration.swift */; };
		DC807E59246FAC8B00046D67 /* CreatePostEntitySelectionModal.swift in Sources */ = {isa = PBXBuildFile; fileRef = DC807E58246FAC8B00046D67 /* CreatePostEntitySelectionModal.swift */; };
		DC807E5B246FB02300046D67 /* Entity.swift in Sources */ = {isa = PBXBuildFile; fileRef = DC807E5A246FB02300046D67 /* Entity.swift */; };
		DC807E5F246FB1C000046D67 /* Organization.swift in Sources */ = {isa = PBXBuildFile; fileRef = DC807E5E246FB1C000046D67 /* Organization.swift */; };
		DC807E64246FB37000046D67 /* BottomModalTransitionDelegate.swift in Sources */ = {isa = PBXBuildFile; fileRef = DC807E61246FB36F00046D67 /* BottomModalTransitionDelegate.swift */; };
		DC807E65246FB37000046D67 /* BottomModal.swift in Sources */ = {isa = PBXBuildFile; fileRef = DC807E62246FB36F00046D67 /* BottomModal.swift */; };
		DC807E66246FB37000046D67 /* BottomModalPresentationController.swift in Sources */ = {isa = PBXBuildFile; fileRef = DC807E63246FB36F00046D67 /* BottomModalPresentationController.swift */; };
		DC807E6A247027C700046D67 /* JSONFileReader.swift in Sources */ = {isa = PBXBuildFile; fileRef = DC807E68247027C700046D67 /* JSONFileReader.swift */; };
		DC807E6B247027C700046D67 /* JSONFileReaderError.swift in Sources */ = {isa = PBXBuildFile; fileRef = DC807E69247027C700046D67 /* JSONFileReaderError.swift */; };
		DC807E6F247027CF00046D67 /* SessionManager.swift in Sources */ = {isa = PBXBuildFile; fileRef = DC807E6D247027CF00046D67 /* SessionManager.swift */; };
		DC807E70247027CF00046D67 /* SessionManagerError.swift in Sources */ = {isa = PBXBuildFile; fileRef = DC807E6E247027CF00046D67 /* SessionManagerError.swift */; };
		DC807E73247027D800046D67 /* Fonts.swift in Sources */ = {isa = PBXBuildFile; fileRef = DC807E72247027D800046D67 /* Fonts.swift */; };
		DDDB55042468ACF5008EA75A /* Poppins-Bold.otf in Resources */ = {isa = PBXBuildFile; fileRef = DDDB55032468ACF5008EA75A /* Poppins-Bold.otf */; };
		DDDB55062468ADF9008EA75A /* DMSans-Medium.ttf in Resources */ = {isa = PBXBuildFile; fileRef = DDDB55052468ADF9008EA75A /* DMSans-Medium.ttf */; };
		DDDB55082468AE5A008EA75A /* DMSans-Regular.ttf in Resources */ = {isa = PBXBuildFile; fileRef = DDDB55072468AE5A008EA75A /* DMSans-Regular.ttf */; };
		DDDB550A2468AEA7008EA75A /* Poppins-Regular.otf in Resources */ = {isa = PBXBuildFile; fileRef = DDDB55092468AEA7008EA75A /* Poppins-Regular.otf */; };
		DDDB550C2468AF92008EA75A /* Poppins-Medium.otf in Resources */ = {isa = PBXBuildFile; fileRef = DDDB550B2468AF92008EA75A /* Poppins-Medium.otf */; };
		DDDB550E2468B05F008EA75A /* OpenSans-Regular.ttf in Resources */ = {isa = PBXBuildFile; fileRef = DDDB550D2468B05F008EA75A /* OpenSans-Regular.ttf */; };
		DDDB55102468B08D008EA75A /* OpenSans-Bold.ttf in Resources */ = {isa = PBXBuildFile; fileRef = DDDB550F2468B08D008EA75A /* OpenSans-Bold.ttf */; };
		DDDB55122468B2E3008EA75A /* DMSans-Bold.ttf in Resources */ = {isa = PBXBuildFile; fileRef = DDDB55112468B2E3008EA75A /* DMSans-Bold.ttf */; };
		DDF9290A2471814700973488 /* PostCreationTagView.swift in Sources */ = {isa = PBXBuildFile; fileRef = DDF929092471814700973488 /* PostCreationTagView.swift */; };
		DDF9290C2472055600973488 /* PostTagCell.swift in Sources */ = {isa = PBXBuildFile; fileRef = DDF9290B2472055600973488 /* PostTagCell.swift */; };
/* End PBXBuildFile section */

/* Begin PBXContainerItemProxy section */
		49D0B0B62467BC6E007B3762 /* PBXContainerItemProxy */ = {
			isa = PBXContainerItemProxy;
			containerPortal = 2F9EFE45245DFB1700E86700 /* Project object */;
			proxyType = 1;
			remoteGlobalIDString = 2F9EFE4C245DFB1700E86700;
			remoteInfo = FightPandemics;
		};
/* End PBXContainerItemProxy section */

/* Begin PBXFileReference section */
		0143E4265A08346123861FE9 /* Pods-FightPandemics.release.xcconfig */ = {isa = PBXFileReference; includeInIndex = 1; lastKnownFileType = text.xcconfig; name = "Pods-FightPandemics.release.xcconfig"; path = "Target Support Files/Pods-FightPandemics/Pods-FightPandemics.release.xcconfig"; sourceTree = "<group>"; };
		0322FA12246E23D0009507D7 /* TagView.swift */ = {isa = PBXFileReference; lastKnownFileType = sourcecode.swift; path = TagView.swift; sourceTree = "<group>"; };
		2F0420F6246A0E71005FB1D0 /* Feed.storyboard */ = {isa = PBXFileReference; lastKnownFileType = file.storyboard; path = Feed.storyboard; sourceTree = "<group>"; };
		2F0420F8246A0E7E005FB1D0 /* FeedPrototypeViewController.swift */ = {isa = PBXFileReference; lastKnownFileType = sourcecode.swift; path = FeedPrototypeViewController.swift; sourceTree = "<group>"; };
		2F042108246A1021005FB1D0 /* Avatar.swift */ = {isa = PBXFileReference; fileEncoding = 4; lastKnownFileType = sourcecode.swift; path = Avatar.swift; sourceTree = "<group>"; };
		2F042109246A1021005FB1D0 /* FeedPost.swift */ = {isa = PBXFileReference; fileEncoding = 4; lastKnownFileType = sourcecode.swift; path = FeedPost.swift; sourceTree = "<group>"; };
		2F04210A246A1021005FB1D0 /* AvatarView.swift */ = {isa = PBXFileReference; fileEncoding = 4; lastKnownFileType = sourcecode.swift; path = AvatarView.swift; sourceTree = "<group>"; };
		2F04210B246A1021005FB1D0 /* PostFooter.swift */ = {isa = PBXFileReference; fileEncoding = 4; lastKnownFileType = sourcecode.swift; path = PostFooter.swift; sourceTree = "<group>"; };
		2F04212E246A25CF005FB1D0 /* en */ = {isa = PBXFileReference; lastKnownFileType = text.plist.strings; name = en; path = en.lproj/Localizable.strings; sourceTree = "<group>"; };
		2F042130246A25EC005FB1D0 /* es */ = {isa = PBXFileReference; lastKnownFileType = text.plist.strings; name = es; path = ../../es.lproj/Main.strings; sourceTree = "<group>"; };
		2F042132246A25EC005FB1D0 /* es */ = {isa = PBXFileReference; lastKnownFileType = text.plist.strings; name = es; path = es.lproj/Localizable.strings; sourceTree = "<group>"; };
		2F042139246A2AA8005FB1D0 /* en */ = {isa = PBXFileReference; lastKnownFileType = text.plist.strings; name = en; path = ../../en.lproj/Main.strings; sourceTree = "<group>"; };
		2F04213B246A2C2D005FB1D0 /* en */ = {isa = PBXFileReference; lastKnownFileType = text.plist.strings; name = en; path = en.lproj/LaunchScreen.strings; sourceTree = "<group>"; };
		2F04213D246A2C72005FB1D0 /* es */ = {isa = PBXFileReference; lastKnownFileType = text.plist.strings; name = es; path = es.lproj/LaunchScreen.strings; sourceTree = "<group>"; };
		2F04213E246A2CCD005FB1D0 /* String+FightPandemics.swift */ = {isa = PBXFileReference; lastKnownFileType = sourcecode.swift; path = "String+FightPandemics.swift"; sourceTree = "<group>"; };
		2F042189246CCBFA005FB1D0 /* FeedViewController.swift */ = {isa = PBXFileReference; lastKnownFileType = sourcecode.swift; path = FeedViewController.swift; sourceTree = "<group>"; };
		2F04218D246CCD40005FB1D0 /* Profile.storyboard */ = {isa = PBXFileReference; lastKnownFileType = file.storyboard; path = Profile.storyboard; sourceTree = "<group>"; };
		2F04218F246CCD4A005FB1D0 /* ProfileViewController.swift */ = {isa = PBXFileReference; lastKnownFileType = sourcecode.swift; path = ProfileViewController.swift; sourceTree = "<group>"; };
		2F042191246CD017005FB1D0 /* Search.storyboard */ = {isa = PBXFileReference; lastKnownFileType = file.storyboard; path = Search.storyboard; sourceTree = "<group>"; };
		2F042193246CD022005FB1D0 /* SearchViewController.swift */ = {isa = PBXFileReference; lastKnownFileType = sourcecode.swift; path = SearchViewController.swift; sourceTree = "<group>"; };
		2F042196246CE4A7005FB1D0 /* Auth.storyboard */ = {isa = PBXFileReference; lastKnownFileType = file.storyboard; path = Auth.storyboard; sourceTree = "<group>"; };
		2F042198246CE4B3005FB1D0 /* LogInViewController.swift */ = {isa = PBXFileReference; lastKnownFileType = sourcecode.swift; path = LogInViewController.swift; sourceTree = "<group>"; };
		2F04219D246CE99C005FB1D0 /* Success.swift */ = {isa = PBXFileReference; lastKnownFileType = sourcecode.swift; path = Success.swift; sourceTree = "<group>"; };
		2F0421A1246CF27B005FB1D0 /* AuthCredentials.swift */ = {isa = PBXFileReference; lastKnownFileType = sourcecode.swift; path = AuthCredentials.swift; sourceTree = "<group>"; };
		2F0421A3246D04B9005FB1D0 /* AutoLogInFakeLaunchScreen.swift */ = {isa = PBXFileReference; lastKnownFileType = sourcecode.swift; path = AutoLogInFakeLaunchScreen.swift; sourceTree = "<group>"; };
		2F0421A5246D0D39005FB1D0 /* Environment.swift */ = {isa = PBXFileReference; lastKnownFileType = sourcecode.swift; path = Environment.swift; sourceTree = "<group>"; };
		2F0B5159246E008400BE42BC /* Post.storyboard */ = {isa = PBXFileReference; lastKnownFileType = file.storyboard; path = Post.storyboard; sourceTree = "<group>"; };
		2F0B515B246E009400BE42BC /* CreatePostViewController.swift */ = {isa = PBXFileReference; lastKnownFileType = sourcecode.swift; path = CreatePostViewController.swift; sourceTree = "<group>"; };
		2F0B5163246E0DF200BE42BC /* CreatePostFooter.swift */ = {isa = PBXFileReference; fileEncoding = 4; lastKnownFileType = sourcecode.swift; path = CreatePostFooter.swift; sourceTree = "<group>"; };
		2F0B5164246E0DF200BE42BC /* CreatePostHeader.swift */ = {isa = PBXFileReference; fileEncoding = 4; lastKnownFileType = sourcecode.swift; path = CreatePostHeader.swift; sourceTree = "<group>"; };
		2F0B5165246E0DF200BE42BC /* CreatePostBody.swift */ = {isa = PBXFileReference; fileEncoding = 4; lastKnownFileType = sourcecode.swift; path = CreatePostBody.swift; sourceTree = "<group>"; };
		2F0B516A246E15B400BE42BC /* IndividualOrg.swift */ = {isa = PBXFileReference; lastKnownFileType = sourcecode.swift; path = IndividualOrg.swift; sourceTree = "<group>"; };
		2F0C3C3F246ECA5C0002B384 /* Constraints+FightPandemics.swift */ = {isa = PBXFileReference; lastKnownFileType = sourcecode.swift; path = "Constraints+FightPandemics.swift"; sourceTree = "<group>"; };
		2F0C3C41246ECA660002B384 /* ConstrainableView.swift */ = {isa = PBXFileReference; lastKnownFileType = sourcecode.swift; path = ConstrainableView.swift; sourceTree = "<group>"; };
		2F0C3C43246F51BA0002B384 /* PostReactionButton.swift */ = {isa = PBXFileReference; fileEncoding = 4; lastKnownFileType = sourcecode.swift; path = PostReactionButton.swift; sourceTree = "<group>"; };
		2F0C3C642471DB2D0002B384 /* RootNavigationController.swift */ = {isa = PBXFileReference; lastKnownFileType = sourcecode.swift; path = RootNavigationController.swift; sourceTree = "<group>"; };
		2F0C3C662471DE660002B384 /* UINavigationBar+FightPandemics.swift */ = {isa = PBXFileReference; lastKnownFileType = sourcecode.swift; path = "UINavigationBar+FightPandemics.swift"; sourceTree = "<group>"; };
		2F0C3C692471E0F70002B384 /* Filters.storyboard */ = {isa = PBXFileReference; lastKnownFileType = file.storyboard; path = Filters.storyboard; sourceTree = "<group>"; };
		2F0C3C6B2471E1130002B384 /* FiltersModal.swift */ = {isa = PBXFileReference; lastKnownFileType = sourcecode.swift; path = FiltersModal.swift; sourceTree = "<group>"; };
		2F426B3B2472C2A3007A4796 /* PostVisibilitySelectionView.swift */ = {isa = PBXFileReference; fileEncoding = 4; lastKnownFileType = sourcecode.swift; path = PostVisibilitySelectionView.swift; sourceTree = "<group>"; };
		2F426B96247339A9007A4796 /* OpenSourceCredits.json */ = {isa = PBXFileReference; lastKnownFileType = text.json; path = OpenSourceCredits.json; sourceTree = "<group>"; };
		2F426B9F24735B89007A4796 /* OpenSourceLicense.swift */ = {isa = PBXFileReference; lastKnownFileType = sourcecode.swift; path = OpenSourceLicense.swift; sourceTree = "<group>"; };
		2F426BA5247365FB007A4796 /* OpenSourceCreditsViewController.swift */ = {isa = PBXFileReference; lastKnownFileType = sourcecode.swift; path = OpenSourceCreditsViewController.swift; sourceTree = "<group>"; };
		2F426BA82473682E007A4796 /* HTML.swift */ = {isa = PBXFileReference; lastKnownFileType = sourcecode.swift; path = HTML.swift; sourceTree = "<group>"; };
		2F426BAE24736E3D007A4796 /* OpenSourceTableViewCell.swift */ = {isa = PBXFileReference; lastKnownFileType = sourcecode.swift; path = OpenSourceTableViewCell.swift; sourceTree = "<group>"; };
		2F426BBB24749B97007A4796 /* InboxViewController.swift */ = {isa = PBXFileReference; lastKnownFileType = sourcecode.swift; path = InboxViewController.swift; sourceTree = "<group>"; };
		2F426BBD24749BB7007A4796 /* Inbox.storyboard */ = {isa = PBXFileReference; lastKnownFileType = file.storyboard; path = Inbox.storyboard; sourceTree = "<group>"; };
		2F72CE462468785200750785 /* HTTPClientError.swift */ = {isa = PBXFileReference; fileEncoding = 4; lastKnownFileType = sourcecode.swift; path = HTTPClientError.swift; sourceTree = "<group>"; };
		2F72CE472468785200750785 /* HTTPRequestError.swift */ = {isa = PBXFileReference; fileEncoding = 4; lastKnownFileType = sourcecode.swift; path = HTTPRequestError.swift; sourceTree = "<group>"; };
		2F72CE482468785200750785 /* HTTPRequest.swift */ = {isa = PBXFileReference; fileEncoding = 4; lastKnownFileType = sourcecode.swift; path = HTTPRequest.swift; sourceTree = "<group>"; };
		2F72CE492468785200750785 /* JSON.swift */ = {isa = PBXFileReference; fileEncoding = 4; lastKnownFileType = sourcecode.swift; path = JSON.swift; sourceTree = "<group>"; };
		2F72CE4A2468785200750785 /* URLSession+Networking.swift */ = {isa = PBXFileReference; fileEncoding = 4; lastKnownFileType = sourcecode.swift; path = "URLSession+Networking.swift"; sourceTree = "<group>"; };
		2F72CE4B2468785200750785 /* HTTPMethod.swift */ = {isa = PBXFileReference; fileEncoding = 4; lastKnownFileType = sourcecode.swift; path = HTTPMethod.swift; sourceTree = "<group>"; };
		2F72CE4C2468785200750785 /* HTTPClient.swift */ = {isa = PBXFileReference; fileEncoding = 4; lastKnownFileType = sourcecode.swift; path = HTTPClient.swift; sourceTree = "<group>"; };
		2F72CE552468789000750785 /* User.swift */ = {isa = PBXFileReference; lastKnownFileType = sourcecode.swift; path = User.swift; sourceTree = "<group>"; };
		2F72CE58246878BF00750785 /* API.swift */ = {isa = PBXFileReference; lastKnownFileType = sourcecode.swift; path = API.swift; sourceTree = "<group>"; };
		2F72CE5A2468790200750785 /* APIError.swift */ = {isa = PBXFileReference; lastKnownFileType = sourcecode.swift; path = APIError.swift; sourceTree = "<group>"; };
		2F72CE5C2468793300750785 /* MockAPI.swift */ = {isa = PBXFileReference; lastKnownFileType = sourcecode.swift; path = MockAPI.swift; sourceTree = "<group>"; };
		2F72CE5E2468793C00750785 /* FightPandemicsAPI.swift */ = {isa = PBXFileReference; lastKnownFileType = sourcecode.swift; path = FightPandemicsAPI.swift; sourceTree = "<group>"; };
		2F72CE6624687CD100750785 /* User.json */ = {isa = PBXFileReference; lastKnownFileType = text.json; path = User.json; sourceTree = "<group>"; };
		2F9EFE4D245DFB1700E86700 /* FightPandemics.app */ = {isa = PBXFileReference; explicitFileType = wrapper.application; includeInIndex = 0; path = FightPandemics.app; sourceTree = BUILT_PRODUCTS_DIR; };
		2F9EFE50245DFB1700E86700 /* AppDelegate.swift */ = {isa = PBXFileReference; lastKnownFileType = sourcecode.swift; path = AppDelegate.swift; sourceTree = "<group>"; };
		2F9EFE52245DFB1700E86700 /* SceneDelegate.swift */ = {isa = PBXFileReference; lastKnownFileType = sourcecode.swift; path = SceneDelegate.swift; sourceTree = "<group>"; };
		2F9EFE59245DFB1900E86700 /* Assets.xcassets */ = {isa = PBXFileReference; lastKnownFileType = folder.assetcatalog; path = Assets.xcassets; sourceTree = "<group>"; };
		2F9EFE5E245DFB1900E86700 /* Info.plist */ = {isa = PBXFileReference; lastKnownFileType = text.plist.xml; path = Info.plist; sourceTree = "<group>"; };
		2FB341EB2468F841007E397F /* UIColor+FightPandemics.swift */ = {isa = PBXFileReference; fileEncoding = 4; lastKnownFileType = sourcecode.swift; path = "UIColor+FightPandemics.swift"; sourceTree = "<group>"; };
		2FB341F32468F984007E397F /* Base */ = {isa = PBXFileReference; lastKnownFileType = file.storyboard; name = Base; path = FightPandemics/Base.lproj/Main.storyboard; sourceTree = SOURCE_ROOT; };
		2FB341F82468F9F0007E397F /* RootTabBarController.swift */ = {isa = PBXFileReference; lastKnownFileType = sourcecode.swift; path = RootTabBarController.swift; sourceTree = "<group>"; };
		2FB342032468FFCC007E397F /* Navigator.swift */ = {isa = PBXFileReference; lastKnownFileType = sourcecode.swift; path = Navigator.swift; sourceTree = "<group>"; };
		2FB34206246901DA007E397F /* Base */ = {isa = PBXFileReference; lastKnownFileType = file.storyboard; name = Base; path = Base.lproj/LaunchScreen.storyboard; sourceTree = "<group>"; };
		49D0B0B12467BC6E007B3762 /* FightPandemicsUITests.xctest */ = {isa = PBXFileReference; explicitFileType = wrapper.cfbundle; includeInIndex = 0; path = FightPandemicsUITests.xctest; sourceTree = BUILT_PRODUCTS_DIR; };
		49D0B0B32467BC6E007B3762 /* FightPandemicsUITests.swift */ = {isa = PBXFileReference; lastKnownFileType = sourcecode.swift; path = FightPandemicsUITests.swift; sourceTree = "<group>"; };
		49D0B0B52467BC6E007B3762 /* Info.plist */ = {isa = PBXFileReference; lastKnownFileType = text.plist.xml; path = Info.plist; sourceTree = "<group>"; };
		74D3F30914E75C1D9DB78030 /* Pods-FightPandemics.debug.xcconfig */ = {isa = PBXFileReference; includeInIndex = 1; lastKnownFileType = text.xcconfig; name = "Pods-FightPandemics.debug.xcconfig"; path = "Target Support Files/Pods-FightPandemics/Pods-FightPandemics.debug.xcconfig"; sourceTree = "<group>"; };
		AC14540D23239E4E26F554CF /* Pods_FightPandemics.framework */ = {isa = PBXFileReference; explicitFileType = wrapper.framework; includeInIndex = 0; path = Pods_FightPandemics.framework; sourceTree = BUILT_PRODUCTS_DIR; };
		C013ACD9246FF3E200F22BE7 /* OfferRequest.swift */ = {isa = PBXFileReference; lastKnownFileType = sourcecode.swift; path = OfferRequest.swift; sourceTree = "<group>"; };
		C018DD7B2474AF7B00EEB3FC /* Location.swift */ = {isa = PBXFileReference; lastKnownFileType = sourcecode.swift; path = Location.swift; sourceTree = "<group>"; };
		C018DD83247722FB00EEB3FC /* ClearFilterBtn.swift */ = {isa = PBXFileReference; lastKnownFileType = sourcecode.swift; path = ClearFilterBtn.swift; sourceTree = "<group>"; };
		C018DD852477313F00EEB3FC /* ApplyFilterBtn.swift */ = {isa = PBXFileReference; lastKnownFileType = sourcecode.swift; path = ApplyFilterBtn.swift; sourceTree = "<group>"; };
		C0E5EDF724705CC200F42319 /* PostVisibilitySelectionView.swift */ = {isa = PBXFileReference; lastKnownFileType = sourcecode.swift; path = PostVisibilitySelectionView.swift; sourceTree = "<group>"; };
		C0E5EDFA2470AA4E00F42319 /* Duration.swift */ = {isa = PBXFileReference; lastKnownFileType = sourcecode.swift; path = Duration.swift; sourceTree = "<group>"; };
		DC807E58246FAC8B00046D67 /* CreatePostEntitySelectionModal.swift */ = {isa = PBXFileReference; lastKnownFileType = sourcecode.swift; path = CreatePostEntitySelectionModal.swift; sourceTree = "<group>"; };
		DC807E5A246FB02300046D67 /* Entity.swift */ = {isa = PBXFileReference; lastKnownFileType = sourcecode.swift; path = Entity.swift; sourceTree = "<group>"; };
		DC807E5E246FB1C000046D67 /* Organization.swift */ = {isa = PBXFileReference; lastKnownFileType = sourcecode.swift; path = Organization.swift; sourceTree = "<group>"; };
		DC807E61246FB36F00046D67 /* BottomModalTransitionDelegate.swift */ = {isa = PBXFileReference; fileEncoding = 4; lastKnownFileType = sourcecode.swift; path = BottomModalTransitionDelegate.swift; sourceTree = "<group>"; };
		DC807E62246FB36F00046D67 /* BottomModal.swift */ = {isa = PBXFileReference; fileEncoding = 4; lastKnownFileType = sourcecode.swift; path = BottomModal.swift; sourceTree = "<group>"; };
		DC807E63246FB36F00046D67 /* BottomModalPresentationController.swift */ = {isa = PBXFileReference; fileEncoding = 4; lastKnownFileType = sourcecode.swift; path = BottomModalPresentationController.swift; sourceTree = "<group>"; };
		DC807E68247027C700046D67 /* JSONFileReader.swift */ = {isa = PBXFileReference; fileEncoding = 4; lastKnownFileType = sourcecode.swift; path = JSONFileReader.swift; sourceTree = "<group>"; };
		DC807E69247027C700046D67 /* JSONFileReaderError.swift */ = {isa = PBXFileReference; fileEncoding = 4; lastKnownFileType = sourcecode.swift; path = JSONFileReaderError.swift; sourceTree = "<group>"; };
		DC807E6D247027CF00046D67 /* SessionManager.swift */ = {isa = PBXFileReference; fileEncoding = 4; lastKnownFileType = sourcecode.swift; path = SessionManager.swift; sourceTree = "<group>"; };
		DC807E6E247027CF00046D67 /* SessionManagerError.swift */ = {isa = PBXFileReference; fileEncoding = 4; lastKnownFileType = sourcecode.swift; path = SessionManagerError.swift; sourceTree = "<group>"; };
		DC807E72247027D800046D67 /* Fonts.swift */ = {isa = PBXFileReference; fileEncoding = 4; lastKnownFileType = sourcecode.swift; path = Fonts.swift; sourceTree = "<group>"; };
		DDDB55032468ACF5008EA75A /* Poppins-Bold.otf */ = {isa = PBXFileReference; lastKnownFileType = file; path = "Poppins-Bold.otf"; sourceTree = "<group>"; };
		DDDB55052468ADF9008EA75A /* DMSans-Medium.ttf */ = {isa = PBXFileReference; lastKnownFileType = file; path = "DMSans-Medium.ttf"; sourceTree = "<group>"; };
		DDDB55072468AE5A008EA75A /* DMSans-Regular.ttf */ = {isa = PBXFileReference; lastKnownFileType = file; path = "DMSans-Regular.ttf"; sourceTree = "<group>"; };
		DDDB55092468AEA7008EA75A /* Poppins-Regular.otf */ = {isa = PBXFileReference; lastKnownFileType = file; path = "Poppins-Regular.otf"; sourceTree = "<group>"; };
		DDDB550B2468AF92008EA75A /* Poppins-Medium.otf */ = {isa = PBXFileReference; lastKnownFileType = file; path = "Poppins-Medium.otf"; sourceTree = "<group>"; };
		DDDB550D2468B05F008EA75A /* OpenSans-Regular.ttf */ = {isa = PBXFileReference; lastKnownFileType = file; path = "OpenSans-Regular.ttf"; sourceTree = "<group>"; };
		DDDB550F2468B08D008EA75A /* OpenSans-Bold.ttf */ = {isa = PBXFileReference; lastKnownFileType = file; path = "OpenSans-Bold.ttf"; sourceTree = "<group>"; };
		DDDB55112468B2E3008EA75A /* DMSans-Bold.ttf */ = {isa = PBXFileReference; lastKnownFileType = file; path = "DMSans-Bold.ttf"; sourceTree = "<group>"; };
		DDF929092471814700973488 /* PostCreationTagView.swift */ = {isa = PBXFileReference; lastKnownFileType = sourcecode.swift; path = PostCreationTagView.swift; sourceTree = "<group>"; };
		DDF9290B2472055600973488 /* PostTagCell.swift */ = {isa = PBXFileReference; lastKnownFileType = sourcecode.swift; path = PostTagCell.swift; sourceTree = "<group>"; };
/* End PBXFileReference section */

/* Begin PBXFrameworksBuildPhase section */
		2F9EFE4A245DFB1700E86700 /* Frameworks */ = {
			isa = PBXFrameworksBuildPhase;
			buildActionMask = 2147483647;
			files = (
				7DEF116C7BC2A4F6BA56F4F0 /* Pods_FightPandemics.framework in Frameworks */,
			);
			runOnlyForDeploymentPostprocessing = 0;
		};
		49D0B0AE2467BC6E007B3762 /* Frameworks */ = {
			isa = PBXFrameworksBuildPhase;
			buildActionMask = 2147483647;
			files = (
			);
			runOnlyForDeploymentPostprocessing = 0;
		};
/* End PBXFrameworksBuildPhase section */

/* Begin PBXGroup section */
		0322FA11246E23BC009507D7 /* Shared */ = {
			isa = PBXGroup;
			children = (
				DC807E60246FB36F00046D67 /* BottomModel */,
				0322FA12246E23D0009507D7 /* TagView.swift */,
			);
			path = Shared;
			sourceTree = "<group>";
		};
		2F0420F5246A0D0D005FB1D0 /* Feed */ = {
			isa = PBXGroup;
			children = (
				2F0420F6246A0E71005FB1D0 /* Feed.storyboard */,
				2F0420FA246A0EBA005FB1D0 /* FeedPost */,
				2F042189246CCBFA005FB1D0 /* FeedViewController.swift */,
				2F0420F8246A0E7E005FB1D0 /* FeedPrototypeViewController.swift */,
			);
			path = Feed;
			sourceTree = "<group>";
		};
		2F0420FA246A0EBA005FB1D0 /* FeedPost */ = {
			isa = PBXGroup;
			children = (
				2F042108246A1021005FB1D0 /* Avatar.swift */,
				2F04210A246A1021005FB1D0 /* AvatarView.swift */,
				2F042109246A1021005FB1D0 /* FeedPost.swift */,
				2F04210B246A1021005FB1D0 /* PostFooter.swift */,
				2F0C3C43246F51BA0002B384 /* PostReactionButton.swift */,
			);
			path = FeedPost;
			sourceTree = "<group>";
		};
		2F04218B246CCD36005FB1D0 /* Search */ = {
			isa = PBXGroup;
			children = (
				2F042191246CD017005FB1D0 /* Search.storyboard */,
				2F042193246CD022005FB1D0 /* SearchViewController.swift */,
			);
			path = Search;
			sourceTree = "<group>";
		};
		2F04218C246CCD36005FB1D0 /* Profile */ = {
			isa = PBXGroup;
			children = (
				2F04218D246CCD40005FB1D0 /* Profile.storyboard */,
				2F0C3C452471B6550002B384 /* OpenSourceCredits */,
				2F04218F246CCD4A005FB1D0 /* ProfileViewController.swift */,
			);
			path = Profile;
			sourceTree = "<group>";
		};
		2F042195246CE49E005FB1D0 /* Auth */ = {
			isa = PBXGroup;
			children = (
				2F042196246CE4A7005FB1D0 /* Auth.storyboard */,
				2F042198246CE4B3005FB1D0 /* LogInViewController.swift */,
				2F0421A3246D04B9005FB1D0 /* AutoLogInFakeLaunchScreen.swift */,
			);
			path = Auth;
			sourceTree = "<group>";
		};
		2F0B5158246E007C00BE42BC /* Post */ = {
			isa = PBXGroup;
			children = (
				2F0B5159246E008400BE42BC /* Post.storyboard */,
				2F0B5162246E0DF200BE42BC /* CreatePost */,
				2F0B515B246E009400BE42BC /* CreatePostViewController.swift */,
				DC807E58246FAC8B00046D67 /* CreatePostEntitySelectionModal.swift */,
			);
			path = Post;
			sourceTree = "<group>";
		};
		2F0B5162246E0DF200BE42BC /* CreatePost */ = {
			isa = PBXGroup;
			children = (
				C0E5EDF92470AA2D00F42319 /* Duration */,
				2F426B3A2472C2A3007A4796 /* Visibility */,
				C013ACD8246FF3C500F22BE7 /* OfferRequest */,
				2F0B5169246E15AD00BE42BC /* IndividualOrg */,
				2F0B5163246E0DF200BE42BC /* CreatePostFooter.swift */,
				2F0B5164246E0DF200BE42BC /* CreatePostHeader.swift */,
				2F0B5165246E0DF200BE42BC /* CreatePostBody.swift */,
				DDF929092471814700973488 /* PostCreationTagView.swift */,
				DDF9290B2472055600973488 /* PostTagCell.swift */,
				C018DD7B2474AF7B00EEB3FC /* Location.swift */,
			);
			path = CreatePost;
			sourceTree = "<group>";
		};
		2F0B5169246E15AD00BE42BC /* IndividualOrg */ = {
			isa = PBXGroup;
			children = (
				2F0B516A246E15B400BE42BC /* IndividualOrg.swift */,
			);
			path = IndividualOrg;
			sourceTree = "<group>";
		};
		2F0C3C3E246ECA460002B384 /* Constraints */ = {
			isa = PBXGroup;
			children = (
				2F0C3C41246ECA660002B384 /* ConstrainableView.swift */,
				2F0C3C3F246ECA5C0002B384 /* Constraints+FightPandemics.swift */,
			);
			path = Constraints;
			sourceTree = "<group>";
		};
		2F0C3C452471B6550002B384 /* OpenSourceCredits */ = {
			isa = PBXGroup;
			children = (
				2F426BA5247365FB007A4796 /* OpenSourceCreditsViewController.swift */,
				2F426BAE24736E3D007A4796 /* OpenSourceTableViewCell.swift */,
				2F426B9F24735B89007A4796 /* OpenSourceLicense.swift */,
			);
			path = OpenSourceCredits;
			sourceTree = "<group>";
		};
		2F0C3C682471E0EF0002B384 /* Filters */ = {
			isa = PBXGroup;
			children = (
				2F0C3C692471E0F70002B384 /* Filters.storyboard */,
				2F0C3C6B2471E1130002B384 /* FiltersModal.swift */,
				C018DD83247722FB00EEB3FC /* ClearFilterBtn.swift */,
				C018DD852477313F00EEB3FC /* ApplyFilterBtn.swift */,
			);
			path = Filters;
			sourceTree = "<group>";
		};
		2F426B392472C272007A4796 /* Recovered References */ = {
			isa = PBXGroup;
			children = (
				C0E5EDF724705CC200F42319 /* PostVisibilitySelectionView.swift */,
			);
			name = "Recovered References";
			sourceTree = "<group>";
		};
		2F426B3A2472C2A3007A4796 /* Visibility */ = {
			isa = PBXGroup;
			children = (
				2F426B3B2472C2A3007A4796 /* PostVisibilitySelectionView.swift */,
			);
			path = Visibility;
			sourceTree = "<group>";
		};
		2F426BA724736826007A4796 /* HTML */ = {
			isa = PBXGroup;
			children = (
				2F426BA82473682E007A4796 /* HTML.swift */,
			);
			path = HTML;
			sourceTree = "<group>";
		};
		2F426BBA24749B8C007A4796 /* Inbox */ = {
			isa = PBXGroup;
			children = (
				2F426BBD24749BB7007A4796 /* Inbox.storyboard */,
				2F426BBB24749B97007A4796 /* InboxViewController.swift */,
			);
			path = Inbox;
			sourceTree = "<group>";
		};
		2F72CE452468785200750785 /* Networking */ = {
			isa = PBXGroup;
			children = (
				2F72CE4C2468785200750785 /* HTTPClient.swift */,
				2F72CE462468785200750785 /* HTTPClientError.swift */,
				2F72CE4B2468785200750785 /* HTTPMethod.swift */,
				2F72CE492468785200750785 /* JSON.swift */,
				2F72CE4A2468785200750785 /* URLSession+Networking.swift */,
				2F72CE482468785200750785 /* HTTPRequest.swift */,
				2F72CE472468785200750785 /* HTTPRequestError.swift */,
			);
			path = Networking;
			sourceTree = "<group>";
		};
		2F72CE542468788400750785 /* Models */ = {
			isa = PBXGroup;
			children = (
				2F72CE57246878B900750785 /* API */,
				2F0421A1246CF27B005FB1D0 /* AuthCredentials.swift */,
				DC807E5A246FB02300046D67 /* Entity.swift */,
				DC807E5E246FB1C000046D67 /* Organization.swift */,
				2F04219D246CE99C005FB1D0 /* Success.swift */,
				2F72CE552468789000750785 /* User.swift */,
			);
			path = Models;
			sourceTree = "<group>";
		};
		2F72CE57246878B900750785 /* API */ = {
			isa = PBXGroup;
			children = (
				2F72CE6524687CC500750785 /* Mocks */,
				2F72CE58246878BF00750785 /* API.swift */,
				2F0421A5246D0D39005FB1D0 /* Environment.swift */,
				2F72CE5E2468793C00750785 /* FightPandemicsAPI.swift */,
				2F72CE5C2468793300750785 /* MockAPI.swift */,
				2F72CE5A2468790200750785 /* APIError.swift */,
			);
			path = API;
			sourceTree = "<group>";
		};
		2F72CE6524687CC500750785 /* Mocks */ = {
			isa = PBXGroup;
			children = (
				2F72CE6624687CD100750785 /* User.json */,
			);
			path = Mocks;
			sourceTree = "<group>";
		};
		2F9EFE44245DFB1700E86700 = {
			isa = PBXGroup;
			children = (
				2F9EFE4F245DFB1700E86700 /* FightPandemics */,
				49D0B0B22467BC6E007B3762 /* FightPandemicsUITests */,
				2F9EFE4E245DFB1700E86700 /* Products */,
				91B98918B2BF3E9F21F244CB /* Pods */,
				81F89510A3033D41BCEBDA7A /* Frameworks */,
				2F426B392472C272007A4796 /* Recovered References */,
			);
			sourceTree = "<group>";
		};
		2F9EFE4E245DFB1700E86700 /* Products */ = {
			isa = PBXGroup;
			children = (
				2F9EFE4D245DFB1700E86700 /* FightPandemics.app */,
				49D0B0B12467BC6E007B3762 /* FightPandemicsUITests.xctest */,
			);
			name = Products;
			sourceTree = "<group>";
		};
		2F9EFE4F245DFB1700E86700 /* FightPandemics */ = {
			isa = PBXGroup;
			children = (
				2F9EFE50245DFB1700E86700 /* AppDelegate.swift */,
				2F9EFE52245DFB1700E86700 /* SceneDelegate.swift */,
				2FB341ED2468F8BA007E397F /* Features */,
				2F72CE542468788400750785 /* Models */,
				2F9EFE68245DFC9F00E86700 /* Utilities */,
				DDDB55012468ACAC008EA75A /* Resources */,
				2FB34205246901DA007E397F /* LaunchScreen.storyboard */,
				2F9EFE5E245DFB1900E86700 /* Info.plist */,
			);
			path = FightPandemics;
			sourceTree = "<group>";
		};
		2F9EFE68245DFC9F00E86700 /* Utilities */ = {
			isa = PBXGroup;
			children = (
				2F0C3C3E246ECA460002B384 /* Constraints */,
				2FB341EA2468F841007E397F /* Extensions */,
				DC807E67247027C700046D67 /* FileReader */,
				2F426BA724736826007A4796 /* HTML */,
				2FB342022468FFC3007E397F /* Navigation */,
				2F72CE452468785200750785 /* Networking */,
				DC807E6C247027CF00046D67 /* SessionManager */,
				DC807E71247027D800046D67 /* StyleGuide */,
			);
			path = Utilities;
			sourceTree = "<group>";
		};
		2FB341EA2468F841007E397F /* Extensions */ = {
			isa = PBXGroup;
			children = (
				2F04213E246A2CCD005FB1D0 /* String+FightPandemics.swift */,
				2FB341EB2468F841007E397F /* UIColor+FightPandemics.swift */,
				2F0C3C662471DE660002B384 /* UINavigationBar+FightPandemics.swift */,
			);
			path = Extensions;
			sourceTree = "<group>";
		};
		2FB341ED2468F8BA007E397F /* Features */ = {
			isa = PBXGroup;
			children = (
				0322FA11246E23BC009507D7 /* Shared */,
				2F042195246CE49E005FB1D0 /* Auth */,
				2F0420F5246A0D0D005FB1D0 /* Feed */,
				2F0C3C682471E0EF0002B384 /* Filters */,
				2F426BBA24749B8C007A4796 /* Inbox */,
				2F0B5158246E007C00BE42BC /* Post */,
				2F04218C246CCD36005FB1D0 /* Profile */,
				2F04218B246CCD36005FB1D0 /* Search */,
				2FB341F12468F975007E397F /* TabBar */,
			);
			path = Features;
			sourceTree = "<group>";
		};
		2FB341F12468F975007E397F /* TabBar */ = {
			isa = PBXGroup;
			children = (
				2FB341F22468F984007E397F /* Main.storyboard */,
				2FB341F82468F9F0007E397F /* RootTabBarController.swift */,
				2F0C3C642471DB2D0002B384 /* RootNavigationController.swift */,
			);
			path = TabBar;
			sourceTree = "<group>";
		};
		2FB342022468FFC3007E397F /* Navigation */ = {
			isa = PBXGroup;
			children = (
				2FB342032468FFCC007E397F /* Navigator.swift */,
			);
			path = Navigation;
			sourceTree = "<group>";
		};
		49D0B0B22467BC6E007B3762 /* FightPandemicsUITests */ = {
			isa = PBXGroup;
			children = (
				49D0B0B32467BC6E007B3762 /* FightPandemicsUITests.swift */,
				49D0B0B52467BC6E007B3762 /* Info.plist */,
			);
			path = FightPandemicsUITests;
			sourceTree = "<group>";
		};
		81F89510A3033D41BCEBDA7A /* Frameworks */ = {
			isa = PBXGroup;
			children = (
				AC14540D23239E4E26F554CF /* Pods_FightPandemics.framework */,
			);
			name = Frameworks;
			sourceTree = "<group>";
		};
		91B98918B2BF3E9F21F244CB /* Pods */ = {
			isa = PBXGroup;
			children = (
				74D3F30914E75C1D9DB78030 /* Pods-FightPandemics.debug.xcconfig */,
				0143E4265A08346123861FE9 /* Pods-FightPandemics.release.xcconfig */,
			);
			path = Pods;
			sourceTree = "<group>";
		};
		C013ACD8246FF3C500F22BE7 /* OfferRequest */ = {
			isa = PBXGroup;
			children = (
				C013ACD9246FF3E200F22BE7 /* OfferRequest.swift */,
			);
			path = OfferRequest;
			sourceTree = "<group>";
		};
		C0E5EDF92470AA2D00F42319 /* Duration */ = {
			isa = PBXGroup;
			children = (
				C0E5EDFA2470AA4E00F42319 /* Duration.swift */,
			);
			path = Duration;
			sourceTree = "<group>";
		};
		DC807E60246FB36F00046D67 /* BottomModel */ = {
			isa = PBXGroup;
			children = (
				DC807E62246FB36F00046D67 /* BottomModal.swift */,
				DC807E61246FB36F00046D67 /* BottomModalTransitionDelegate.swift */,
				DC807E63246FB36F00046D67 /* BottomModalPresentationController.swift */,
			);
			path = BottomModel;
			sourceTree = "<group>";
		};
		DC807E67247027C700046D67 /* FileReader */ = {
			isa = PBXGroup;
			children = (
				DC807E68247027C700046D67 /* JSONFileReader.swift */,
				DC807E69247027C700046D67 /* JSONFileReaderError.swift */,
			);
			path = FileReader;
			sourceTree = "<group>";
		};
		DC807E6C247027CF00046D67 /* SessionManager */ = {
			isa = PBXGroup;
			children = (
				DC807E6D247027CF00046D67 /* SessionManager.swift */,
				DC807E6E247027CF00046D67 /* SessionManagerError.swift */,
			);
			path = SessionManager;
			sourceTree = "<group>";
		};
		DC807E71247027D800046D67 /* StyleGuide */ = {
			isa = PBXGroup;
			children = (
				DC807E72247027D800046D67 /* Fonts.swift */,
			);
			path = StyleGuide;
			sourceTree = "<group>";
		};
		DDDB55012468ACAC008EA75A /* Resources */ = {
			isa = PBXGroup;
			children = (
				DDDB55022468ACC3008EA75A /* Fonts */,
				2F9EFE59245DFB1900E86700 /* Assets.xcassets */,
				2F04212F246A25CF005FB1D0 /* Localizable.strings */,
				2F426B96247339A9007A4796 /* OpenSourceCredits.json */,
			);
			path = Resources;
			sourceTree = "<group>";
		};
		DDDB55022468ACC3008EA75A /* Fonts */ = {
			isa = PBXGroup;
			children = (
				DDDB55052468ADF9008EA75A /* DMSans-Medium.ttf */,
				DDDB55072468AE5A008EA75A /* DMSans-Regular.ttf */,
				DDDB55092468AEA7008EA75A /* Poppins-Regular.otf */,
				DDDB550D2468B05F008EA75A /* OpenSans-Regular.ttf */,
				DDDB55112468B2E3008EA75A /* DMSans-Bold.ttf */,
				DDDB550F2468B08D008EA75A /* OpenSans-Bold.ttf */,
				DDDB550B2468AF92008EA75A /* Poppins-Medium.otf */,
				DDDB55032468ACF5008EA75A /* Poppins-Bold.otf */,
			);
			path = Fonts;
			sourceTree = "<group>";
		};
/* End PBXGroup section */

/* Begin PBXNativeTarget section */
		2F9EFE4C245DFB1700E86700 /* FightPandemics */ = {
			isa = PBXNativeTarget;
			buildConfigurationList = 2F9EFE61245DFB1900E86700 /* Build configuration list for PBXNativeTarget "FightPandemics" */;
			buildPhases = (
				7B36C1FC9B93A09FE337CAB7 /* [CP] Check Pods Manifest.lock */,
				4994B09C2472F85E00175C5D /* SwitfFormat */,
				2F9EFE49245DFB1700E86700 /* Sources */,
				2F9EFE4A245DFB1700E86700 /* Frameworks */,
				2F9EFE4B245DFB1700E86700 /* Resources */,
				2F9EFE8E245E251C00E86700 /* SwiftLint */,
			);
			buildRules = (
			);
			dependencies = (
			);
			name = FightPandemics;
			productName = FightPandemics;
			productReference = 2F9EFE4D245DFB1700E86700 /* FightPandemics.app */;
			productType = "com.apple.product-type.application";
		};
		49D0B0B02467BC6E007B3762 /* FightPandemicsUITests */ = {
			isa = PBXNativeTarget;
			buildConfigurationList = 49D0B0BA2467BC6E007B3762 /* Build configuration list for PBXNativeTarget "FightPandemicsUITests" */;
			buildPhases = (
				49D0B0AD2467BC6E007B3762 /* Sources */,
				49D0B0AE2467BC6E007B3762 /* Frameworks */,
				49D0B0AF2467BC6E007B3762 /* Resources */,
			);
			buildRules = (
			);
			dependencies = (
				49D0B0B72467BC6E007B3762 /* PBXTargetDependency */,
			);
			name = FightPandemicsUITests;
			productName = FightPandemicsUITests;
			productReference = 49D0B0B12467BC6E007B3762 /* FightPandemicsUITests.xctest */;
			productType = "com.apple.product-type.bundle.ui-testing";
		};
/* End PBXNativeTarget section */

/* Begin PBXProject section */
		2F9EFE45245DFB1700E86700 /* Project object */ = {
			isa = PBXProject;
			attributes = {
				LastSwiftUpdateCheck = 1140;
				LastUpgradeCheck = 1130;
				ORGANIZATIONNAME = "Fight Pandemics";
				TargetAttributes = {
					2F9EFE4C245DFB1700E86700 = {
						CreatedOnToolsVersion = 11.3.1;
					};
					49D0B0B02467BC6E007B3762 = {
						CreatedOnToolsVersion = 11.4.1;
						TestTargetID = 2F9EFE4C245DFB1700E86700;
					};
				};
			};
			buildConfigurationList = 2F9EFE48245DFB1700E86700 /* Build configuration list for PBXProject "FightPandemics" */;
			compatibilityVersion = "Xcode 9.3";
			developmentRegion = en;
			hasScannedForEncodings = 0;
			knownRegions = (
				en,
				Base,
				es,
			);
			mainGroup = 2F9EFE44245DFB1700E86700;
			productRefGroup = 2F9EFE4E245DFB1700E86700 /* Products */;
			projectDirPath = "";
			projectRoot = "";
			targets = (
				2F9EFE4C245DFB1700E86700 /* FightPandemics */,
				49D0B0B02467BC6E007B3762 /* FightPandemicsUITests */,
			);
		};
/* End PBXProject section */

/* Begin PBXResourcesBuildPhase section */
		2F9EFE4B245DFB1700E86700 /* Resources */ = {
			isa = PBXResourcesBuildPhase;
			buildActionMask = 2147483647;
			files = (
				2F426B97247339A9007A4796 /* OpenSourceCredits.json in Resources */,
				DDDB55102468B08D008EA75A /* OpenSans-Bold.ttf in Resources */,
				DDDB550E2468B05F008EA75A /* OpenSans-Regular.ttf in Resources */,
				2F04212D246A25CF005FB1D0 /* Localizable.strings in Resources */,
				2F72CE6724687CD100750785 /* User.json in Resources */,
				2F0B515A246E008400BE42BC /* Post.storyboard in Resources */,
				2F0420F7246A0E71005FB1D0 /* Feed.storyboard in Resources */,
				2F042197246CE4A7005FB1D0 /* Auth.storyboard in Resources */,
				DDDB55082468AE5A008EA75A /* DMSans-Regular.ttf in Resources */,
				DDDB550A2468AEA7008EA75A /* Poppins-Regular.otf in Resources */,
				2FB341F62468F984007E397F /* Main.storyboard in Resources */,
				2F426BBE24749BB7007A4796 /* Inbox.storyboard in Resources */,
				DDDB55042468ACF5008EA75A /* Poppins-Bold.otf in Resources */,
				DDDB55122468B2E3008EA75A /* DMSans-Bold.ttf in Resources */,
				2F9EFE5A245DFB1900E86700 /* Assets.xcassets in Resources */,
				2FB34207246901DA007E397F /* LaunchScreen.storyboard in Resources */,
				2F04218E246CCD40005FB1D0 /* Profile.storyboard in Resources */,
				DDDB55062468ADF9008EA75A /* DMSans-Medium.ttf in Resources */,
				2F042192246CD017005FB1D0 /* Search.storyboard in Resources */,
				2F0C3C6A2471E0F70002B384 /* Filters.storyboard in Resources */,
				DDDB550C2468AF92008EA75A /* Poppins-Medium.otf in Resources */,
			);
			runOnlyForDeploymentPostprocessing = 0;
		};
		49D0B0AF2467BC6E007B3762 /* Resources */ = {
			isa = PBXResourcesBuildPhase;
			buildActionMask = 2147483647;
			files = (
			);
			runOnlyForDeploymentPostprocessing = 0;
		};
/* End PBXResourcesBuildPhase section */

/* Begin PBXShellScriptBuildPhase section */
		2F9EFE8E245E251C00E86700 /* SwiftLint */ = {
			isa = PBXShellScriptBuildPhase;
			buildActionMask = 2147483647;
			files = (
			);
			inputFileListPaths = (
			);
			inputPaths = (
			);
			name = SwiftLint;
			outputFileListPaths = (
			);
			outputPaths = (
			);
			runOnlyForDeploymentPostprocessing = 0;
			shellPath = /bin/sh;
			shellScript = "\"${PODS_ROOT}/SwiftLint/swiftlint\"\n";
		};
		4994B09C2472F85E00175C5D /* SwitfFormat */ = {
			isa = PBXShellScriptBuildPhase;
			buildActionMask = 12;
			files = (
			);
			inputFileListPaths = (
			);
			inputPaths = (
			);
			name = SwitfFormat;
			outputFileListPaths = (
			);
			outputPaths = (
			);
			runOnlyForDeploymentPostprocessing = 0;
			shellPath = /bin/sh;
			shellScript = "\"${PODS_ROOT}/SwiftFormat/CommandLineTool/swiftformat\" --swiftversion \"5.0\" . \"${SRCROOT}\"\n";
		};
		7B36C1FC9B93A09FE337CAB7 /* [CP] Check Pods Manifest.lock */ = {
			isa = PBXShellScriptBuildPhase;
			buildActionMask = 2147483647;
			files = (
			);
			inputFileListPaths = (
			);
			inputPaths = (
				"${PODS_PODFILE_DIR_PATH}/Podfile.lock",
				"${PODS_ROOT}/Manifest.lock",
			);
			name = "[CP] Check Pods Manifest.lock";
			outputFileListPaths = (
			);
			outputPaths = (
				"$(DERIVED_FILE_DIR)/Pods-FightPandemics-checkManifestLockResult.txt",
			);
			runOnlyForDeploymentPostprocessing = 0;
			shellPath = /bin/sh;
			shellScript = "diff \"${PODS_PODFILE_DIR_PATH}/Podfile.lock\" \"${PODS_ROOT}/Manifest.lock\" > /dev/null\nif [ $? != 0 ] ; then\n    # print error to STDERR\n    echo \"error: The sandbox is not in sync with the Podfile.lock. Run 'pod install' or update your CocoaPods installation.\" >&2\n    exit 1\nfi\n# This output is used by Xcode 'outputs' to avoid re-running this script phase.\necho \"SUCCESS\" > \"${SCRIPT_OUTPUT_FILE_0}\"\n";
			showEnvVarsInLog = 0;
		};
/* End PBXShellScriptBuildPhase section */

/* Begin PBXSourcesBuildPhase section */
		2F9EFE49245DFB1700E86700 /* Sources */ = {
			isa = PBXSourcesBuildPhase;
			buildActionMask = 2147483647;
			files = (
				2F426BA92473682E007A4796 /* HTML.swift in Sources */,
				2F72CE502468785200750785 /* JSON.swift in Sources */,
				2F04219E246CE99C005FB1D0 /* Success.swift in Sources */,
				2F426BA6247365FB007A4796 /* OpenSourceCreditsViewController.swift in Sources */,
				2FB341F92468F9F0007E397F /* RootTabBarController.swift in Sources */,
				2F0C3C6C2471E1130002B384 /* FiltersModal.swift in Sources */,
				2F72CE5B2468790200750785 /* APIError.swift in Sources */,
				2F72CE4E2468785200750785 /* HTTPRequestError.swift in Sources */,
				DC807E65246FB37000046D67 /* BottomModal.swift in Sources */,
				DC807E73247027D800046D67 /* Fonts.swift in Sources */,
				2F04218A246CCBFA005FB1D0 /* FeedViewController.swift in Sources */,
				2F04210D246A1021005FB1D0 /* Avatar.swift in Sources */,
				2F72CE522468785200750785 /* HTTPMethod.swift in Sources */,
				2F0B5168246E0DF200BE42BC /* CreatePostBody.swift in Sources */,
				DC807E70247027CF00046D67 /* SessionManagerError.swift in Sources */,
				2F042199246CE4B3005FB1D0 /* LogInViewController.swift in Sources */,
				2F04210E246A1021005FB1D0 /* FeedPost.swift in Sources */,
				2FB341EC2468F841007E397F /* UIColor+FightPandemics.swift in Sources */,
				2F72CE562468789000750785 /* User.swift in Sources */,
				DC807E6F247027CF00046D67 /* SessionManager.swift in Sources */,
				C013ACDA246FF3E200F22BE7 /* OfferRequest.swift in Sources */,
				2F0421A6246D0D39005FB1D0 /* Environment.swift in Sources */,
				2F72CE512468785200750785 /* URLSession+Networking.swift in Sources */,
				DC807E5F246FB1C000046D67 /* Organization.swift in Sources */,
				2F0421A2246CF27B005FB1D0 /* AuthCredentials.swift in Sources */,
				2F72CE59246878BF00750785 /* API.swift in Sources */,
				2F9EFE51245DFB1700E86700 /* AppDelegate.swift in Sources */,
				2F0B5167246E0DF200BE42BC /* CreatePostHeader.swift in Sources */,
				DC807E59246FAC8B00046D67 /* CreatePostEntitySelectionModal.swift in Sources */,
				2F0C3C672471DE660002B384 /* UINavigationBar+FightPandemics.swift in Sources */,
				0322FA13246E23D0009507D7 /* TagView.swift in Sources */,
				2F72CE5F2468793C00750785 /* FightPandemicsAPI.swift in Sources */,
				C018DD862477313F00EEB3FC /* ApplyFilterBtn.swift in Sources */,
				C018DD7C2474AF7B00EEB3FC /* Location.swift in Sources */,
				DC807E6A247027C700046D67 /* JSONFileReader.swift in Sources */,
				2F04210F246A1021005FB1D0 /* AvatarView.swift in Sources */,
				2F0C3C652471DB2D0002B384 /* RootNavigationController.swift in Sources */,
				2FB342042468FFCC007E397F /* Navigator.swift in Sources */,
				2F0C3C44246F51BB0002B384 /* PostReactionButton.swift in Sources */,
				2F042190246CCD4A005FB1D0 /* ProfileViewController.swift in Sources */,
				2F426BA024735B89007A4796 /* OpenSourceLicense.swift in Sources */,
				2F0421A4246D04B9005FB1D0 /* AutoLogInFakeLaunchScreen.swift in Sources */,
				C0E5EDFB2470AA4E00F42319 /* Duration.swift in Sources */,
				2F72CE4D2468785200750785 /* HTTPClientError.swift in Sources */,
				2F72CE532468785200750785 /* HTTPClient.swift in Sources */,
				C018DD84247722FB00EEB3FC /* ClearFilterBtn.swift in Sources */,
				2F0B515C246E009400BE42BC /* CreatePostViewController.swift in Sources */,
				2F0B516B246E15B400BE42BC /* IndividualOrg.swift in Sources */,
				2F0C3C40246ECA5C0002B384 /* Constraints+FightPandemics.swift in Sources */,
				2F042110246A1021005FB1D0 /* PostFooter.swift in Sources */,
				DC807E64246FB37000046D67 /* BottomModalTransitionDelegate.swift in Sources */,
				2F0420F9246A0E7E005FB1D0 /* FeedPrototypeViewController.swift in Sources */,
				2F72CE4F2468785200750785 /* HTTPRequest.swift in Sources */,
				2F04213F246A2CCD005FB1D0 /* String+FightPandemics.swift in Sources */,
				2F426BBC24749B97007A4796 /* InboxViewController.swift in Sources */,
				DC807E6B247027C700046D67 /* JSONFileReaderError.swift in Sources */,
				DDF9290A2471814700973488 /* PostCreationTagView.swift in Sources */,
				DC807E66246FB37000046D67 /* BottomModalPresentationController.swift in Sources */,
				DDF9290C2472055600973488 /* PostTagCell.swift in Sources */,
				2F9EFE53245DFB1700E86700 /* SceneDelegate.swift in Sources */,
				DC807E5B246FB02300046D67 /* Entity.swift in Sources */,
				2F426BAF24736E3D007A4796 /* OpenSourceTableViewCell.swift in Sources */,
				2F426B3C2472C2A3007A4796 /* PostVisibilitySelectionView.swift in Sources */,
				2F72CE5D2468793300750785 /* MockAPI.swift in Sources */,
				2F042194246CD022005FB1D0 /* SearchViewController.swift in Sources */,
				2F0C3C42246ECA660002B384 /* ConstrainableView.swift in Sources */,
				2F0B5166246E0DF200BE42BC /* CreatePostFooter.swift in Sources */,
			);
			runOnlyForDeploymentPostprocessing = 0;
		};
		49D0B0AD2467BC6E007B3762 /* Sources */ = {
			isa = PBXSourcesBuildPhase;
			buildActionMask = 2147483647;
			files = (
				49D0B0B42467BC6E007B3762 /* FightPandemicsUITests.swift in Sources */,
			);
			runOnlyForDeploymentPostprocessing = 0;
		};
/* End PBXSourcesBuildPhase section */

/* Begin PBXTargetDependency section */
		49D0B0B72467BC6E007B3762 /* PBXTargetDependency */ = {
			isa = PBXTargetDependency;
			target = 2F9EFE4C245DFB1700E86700 /* FightPandemics */;
			targetProxy = 49D0B0B62467BC6E007B3762 /* PBXContainerItemProxy */;
		};
/* End PBXTargetDependency section */

/* Begin PBXVariantGroup section */
		2F04212F246A25CF005FB1D0 /* Localizable.strings */ = {
			isa = PBXVariantGroup;
			children = (
				2F04212E246A25CF005FB1D0 /* en */,
				2F042132246A25EC005FB1D0 /* es */,
			);
			name = Localizable.strings;
			sourceTree = "<group>";
		};
		2FB341F22468F984007E397F /* Main.storyboard */ = {
			isa = PBXVariantGroup;
			children = (
				2FB341F32468F984007E397F /* Base */,
				2F042130246A25EC005FB1D0 /* es */,
				2F042139246A2AA8005FB1D0 /* en */,
			);
			name = Main.storyboard;
			sourceTree = "<group>";
		};
		2FB34205246901DA007E397F /* LaunchScreen.storyboard */ = {
			isa = PBXVariantGroup;
			children = (
				2FB34206246901DA007E397F /* Base */,
				2F04213B246A2C2D005FB1D0 /* en */,
				2F04213D246A2C72005FB1D0 /* es */,
			);
			name = LaunchScreen.storyboard;
			sourceTree = "<group>";
		};
/* End PBXVariantGroup section */

/* Begin XCBuildConfiguration section */
		2F9EFE5F245DFB1900E86700 /* Debug */ = {
			isa = XCBuildConfiguration;
			buildSettings = {
				ALWAYS_SEARCH_USER_PATHS = NO;
				CLANG_ANALYZER_LOCALIZABILITY_NONLOCALIZED = YES;
				CLANG_ANALYZER_NONNULL = YES;
				CLANG_ANALYZER_NUMBER_OBJECT_CONVERSION = YES_AGGRESSIVE;
				CLANG_CXX_LANGUAGE_STANDARD = "gnu++14";
				CLANG_CXX_LIBRARY = "libc++";
				CLANG_ENABLE_MODULES = YES;
				CLANG_ENABLE_OBJC_ARC = YES;
				CLANG_ENABLE_OBJC_WEAK = YES;
				CLANG_WARN_BLOCK_CAPTURE_AUTORELEASING = YES;
				CLANG_WARN_BOOL_CONVERSION = YES;
				CLANG_WARN_COMMA = YES;
				CLANG_WARN_CONSTANT_CONVERSION = YES;
				CLANG_WARN_DEPRECATED_OBJC_IMPLEMENTATIONS = YES;
				CLANG_WARN_DIRECT_OBJC_ISA_USAGE = YES_ERROR;
				CLANG_WARN_DOCUMENTATION_COMMENTS = YES;
				CLANG_WARN_EMPTY_BODY = YES;
				CLANG_WARN_ENUM_CONVERSION = YES;
				CLANG_WARN_INFINITE_RECURSION = YES;
				CLANG_WARN_INT_CONVERSION = YES;
				CLANG_WARN_NON_LITERAL_NULL_CONVERSION = YES;
				CLANG_WARN_OBJC_IMPLICIT_RETAIN_SELF = YES;
				CLANG_WARN_OBJC_LITERAL_CONVERSION = YES;
				CLANG_WARN_OBJC_ROOT_CLASS = YES_ERROR;
				CLANG_WARN_RANGE_LOOP_ANALYSIS = YES;
				CLANG_WARN_STRICT_PROTOTYPES = YES;
				CLANG_WARN_SUSPICIOUS_MOVE = YES;
				CLANG_WARN_UNGUARDED_AVAILABILITY = YES_AGGRESSIVE;
				CLANG_WARN_UNREACHABLE_CODE = YES;
				CLANG_WARN__DUPLICATE_METHOD_MATCH = YES;
				COPY_PHASE_STRIP = NO;
				DEBUG_INFORMATION_FORMAT = dwarf;
				ENABLE_STRICT_OBJC_MSGSEND = YES;
				ENABLE_TESTABILITY = YES;
				GCC_C_LANGUAGE_STANDARD = gnu11;
				GCC_DYNAMIC_NO_PIC = NO;
				GCC_NO_COMMON_BLOCKS = YES;
				GCC_OPTIMIZATION_LEVEL = 0;
				GCC_PREPROCESSOR_DEFINITIONS = (
					"DEBUG=1",
					"$(inherited)",
				);
				GCC_WARN_64_TO_32_BIT_CONVERSION = YES;
				GCC_WARN_ABOUT_RETURN_TYPE = YES_ERROR;
				GCC_WARN_UNDECLARED_SELECTOR = YES;
				GCC_WARN_UNINITIALIZED_AUTOS = YES_AGGRESSIVE;
				GCC_WARN_UNUSED_FUNCTION = YES;
				GCC_WARN_UNUSED_VARIABLE = YES;
				IPHONEOS_DEPLOYMENT_TARGET = 13.0;
				MTL_ENABLE_DEBUG_INFO = INCLUDE_SOURCE;
				MTL_FAST_MATH = YES;
				ONLY_ACTIVE_ARCH = YES;
				SDKROOT = iphoneos;
				SWIFT_ACTIVE_COMPILATION_CONDITIONS = DEBUG;
				SWIFT_OPTIMIZATION_LEVEL = "-Onone";
			};
			name = Debug;
		};
		2F9EFE60245DFB1900E86700 /* Release */ = {
			isa = XCBuildConfiguration;
			buildSettings = {
				ALWAYS_SEARCH_USER_PATHS = NO;
				CLANG_ANALYZER_LOCALIZABILITY_NONLOCALIZED = YES;
				CLANG_ANALYZER_NONNULL = YES;
				CLANG_ANALYZER_NUMBER_OBJECT_CONVERSION = YES_AGGRESSIVE;
				CLANG_CXX_LANGUAGE_STANDARD = "gnu++14";
				CLANG_CXX_LIBRARY = "libc++";
				CLANG_ENABLE_MODULES = YES;
				CLANG_ENABLE_OBJC_ARC = YES;
				CLANG_ENABLE_OBJC_WEAK = YES;
				CLANG_WARN_BLOCK_CAPTURE_AUTORELEASING = YES;
				CLANG_WARN_BOOL_CONVERSION = YES;
				CLANG_WARN_COMMA = YES;
				CLANG_WARN_CONSTANT_CONVERSION = YES;
				CLANG_WARN_DEPRECATED_OBJC_IMPLEMENTATIONS = YES;
				CLANG_WARN_DIRECT_OBJC_ISA_USAGE = YES_ERROR;
				CLANG_WARN_DOCUMENTATION_COMMENTS = YES;
				CLANG_WARN_EMPTY_BODY = YES;
				CLANG_WARN_ENUM_CONVERSION = YES;
				CLANG_WARN_INFINITE_RECURSION = YES;
				CLANG_WARN_INT_CONVERSION = YES;
				CLANG_WARN_NON_LITERAL_NULL_CONVERSION = YES;
				CLANG_WARN_OBJC_IMPLICIT_RETAIN_SELF = YES;
				CLANG_WARN_OBJC_LITERAL_CONVERSION = YES;
				CLANG_WARN_OBJC_ROOT_CLASS = YES_ERROR;
				CLANG_WARN_RANGE_LOOP_ANALYSIS = YES;
				CLANG_WARN_STRICT_PROTOTYPES = YES;
				CLANG_WARN_SUSPICIOUS_MOVE = YES;
				CLANG_WARN_UNGUARDED_AVAILABILITY = YES_AGGRESSIVE;
				CLANG_WARN_UNREACHABLE_CODE = YES;
				CLANG_WARN__DUPLICATE_METHOD_MATCH = YES;
				COPY_PHASE_STRIP = NO;
				DEBUG_INFORMATION_FORMAT = "dwarf-with-dsym";
				ENABLE_NS_ASSERTIONS = NO;
				ENABLE_STRICT_OBJC_MSGSEND = YES;
				GCC_C_LANGUAGE_STANDARD = gnu11;
				GCC_NO_COMMON_BLOCKS = YES;
				GCC_WARN_64_TO_32_BIT_CONVERSION = YES;
				GCC_WARN_ABOUT_RETURN_TYPE = YES_ERROR;
				GCC_WARN_UNDECLARED_SELECTOR = YES;
				GCC_WARN_UNINITIALIZED_AUTOS = YES_AGGRESSIVE;
				GCC_WARN_UNUSED_FUNCTION = YES;
				GCC_WARN_UNUSED_VARIABLE = YES;
				IPHONEOS_DEPLOYMENT_TARGET = 13.0;
				MTL_ENABLE_DEBUG_INFO = NO;
				MTL_FAST_MATH = YES;
				SDKROOT = iphoneos;
				SWIFT_COMPILATION_MODE = wholemodule;
				SWIFT_OPTIMIZATION_LEVEL = "-O";
				VALIDATE_PRODUCT = YES;
			};
			name = Release;
		};
		2F9EFE62245DFB1900E86700 /* Debug */ = {
			isa = XCBuildConfiguration;
			baseConfigurationReference = 74D3F30914E75C1D9DB78030 /* Pods-FightPandemics.debug.xcconfig */;
			buildSettings = {
				ASSETCATALOG_COMPILER_APPICON_NAME = AppIcon;
				CODE_SIGN_STYLE = Automatic;
				DEVELOPMENT_TEAM = G58XPAD97M;
				INFOPLIST_FILE = FightPandemics/Info.plist;
				IPHONEOS_DEPLOYMENT_TARGET = 13.0;
				LD_RUNPATH_SEARCH_PATHS = (
					"$(inherited)",
					"@executable_path/Frameworks",
				);
				MARKETING_VERSION = 1.0.0;
				PRODUCT_BUNDLE_IDENTIFIER = com.fightpandemics.FightPandemics;
				PRODUCT_NAME = "$(TARGET_NAME)";
				SWIFT_VERSION = 5.0;
				TARGETED_DEVICE_FAMILY = 1;
			};
			name = Debug;
		};
		2F9EFE63245DFB1900E86700 /* Release */ = {
			isa = XCBuildConfiguration;
			baseConfigurationReference = 0143E4265A08346123861FE9 /* Pods-FightPandemics.release.xcconfig */;
			buildSettings = {
				ASSETCATALOG_COMPILER_APPICON_NAME = AppIcon;
				CODE_SIGN_STYLE = Automatic;
				DEVELOPMENT_TEAM = G58XPAD97M;
				INFOPLIST_FILE = FightPandemics/Info.plist;
				IPHONEOS_DEPLOYMENT_TARGET = 13.0;
				LD_RUNPATH_SEARCH_PATHS = (
					"$(inherited)",
					"@executable_path/Frameworks",
				);
				MARKETING_VERSION = 1.0.0;
				PRODUCT_BUNDLE_IDENTIFIER = com.fightpandemics.FightPandemics;
				PRODUCT_NAME = "$(TARGET_NAME)";
				SWIFT_VERSION = 5.0;
				TARGETED_DEVICE_FAMILY = 1;
			};
			name = Release;
		};
		49D0B0B82467BC6E007B3762 /* Debug */ = {
			isa = XCBuildConfiguration;
			buildSettings = {
				CODE_SIGN_STYLE = Automatic;
				INFOPLIST_FILE = FightPandemicsUITests/Info.plist;
				IPHONEOS_DEPLOYMENT_TARGET = 13.0;
				LD_RUNPATH_SEARCH_PATHS = (
					"$(inherited)",
					"@executable_path/Frameworks",
					"@loader_path/Frameworks",
				);
				PRODUCT_BUNDLE_IDENTIFIER = "-.FightPandemicsUITests";
				PRODUCT_NAME = "$(TARGET_NAME)";
				SWIFT_VERSION = 5.0;
				TARGETED_DEVICE_FAMILY = "1,2";
				TEST_TARGET_NAME = FightPandemics;
			};
			name = Debug;
		};
		49D0B0B92467BC6E007B3762 /* Release */ = {
			isa = XCBuildConfiguration;
			buildSettings = {
				CODE_SIGN_STYLE = Automatic;
				INFOPLIST_FILE = FightPandemicsUITests/Info.plist;
				IPHONEOS_DEPLOYMENT_TARGET = 13.0;
				LD_RUNPATH_SEARCH_PATHS = (
					"$(inherited)",
					"@executable_path/Frameworks",
					"@loader_path/Frameworks",
				);
				PRODUCT_BUNDLE_IDENTIFIER = "-.FightPandemicsUITests";
				PRODUCT_NAME = "$(TARGET_NAME)";
				SWIFT_VERSION = 5.0;
				TARGETED_DEVICE_FAMILY = "1,2";
				TEST_TARGET_NAME = FightPandemics;
			};
			name = Release;
		};
/* End XCBuildConfiguration section */

/* Begin XCConfigurationList section */
		2F9EFE48245DFB1700E86700 /* Build configuration list for PBXProject "FightPandemics" */ = {
			isa = XCConfigurationList;
			buildConfigurations = (
				2F9EFE5F245DFB1900E86700 /* Debug */,
				2F9EFE60245DFB1900E86700 /* Release */,
			);
			defaultConfigurationIsVisible = 0;
			defaultConfigurationName = Release;
		};
		2F9EFE61245DFB1900E86700 /* Build configuration list for PBXNativeTarget "FightPandemics" */ = {
			isa = XCConfigurationList;
			buildConfigurations = (
				2F9EFE62245DFB1900E86700 /* Debug */,
				2F9EFE63245DFB1900E86700 /* Release */,
			);
			defaultConfigurationIsVisible = 0;
			defaultConfigurationName = Release;
		};
		49D0B0BA2467BC6E007B3762 /* Build configuration list for PBXNativeTarget "FightPandemicsUITests" */ = {
			isa = XCConfigurationList;
			buildConfigurations = (
				49D0B0B82467BC6E007B3762 /* Debug */,
				49D0B0B92467BC6E007B3762 /* Release */,
			);
			defaultConfigurationIsVisible = 0;
			defaultConfigurationName = Release;
		};
/* End XCConfigurationList section */
	};
	rootObject = 2F9EFE45245DFB1700E86700 /* Project object */;
}
