PODS:
  - SwiftFormat/CLI (0.44.10)
  - SwiftGen (6.1.0)
  - SwiftLint (0.39.2)

DEPENDENCIES:
  - SwiftFormat/CLI
  - SwiftGen (~> 6.0)
  - SwiftLint

SPEC REPOS:
  trunk:
    - SwiftFormat
    - SwiftGen
    - SwiftLint

SPEC CHECKSUMS:
  SwiftFormat: b72e592ea0979aeee53f6052abff291181364933
  SwiftGen: f872ca75cbd17bf7103c17f13dcfa0d9a15667b0
  SwiftLint: 22ccbbe3b8008684be5955693bab135e0ed6a447

PODFILE CHECKSUM: 939b9f65e9dc761947fb4a444c851dfc74b1254c

COCOAPODS: 1.9.1
